
Microsoft Visual Studio Solution File, Format Version 12.00
# Visual Studio Version 17
VisualStudioVersion = 17.10.35004.147
MinimumVisualStudioVersion = 10.0.40219.1
Project("{9A19103F-16F7-4668-BE54-9A1E7A4F7556}") = "NVP_nanoCAD_COM", "src\NVP_nanoCAD\NVP_nanoCAD_COM.csproj", "{81839E90-1973-487A-BB35-D15E7EBCD051}"
EndProject
Project("{9A19103F-16F7-4668-BE54-9A1E7A4F7556}") = "NVP_COM_Common", "src\NVP_COM_Common\NVP_COM_Common.csproj", "{590DB945-2803-4CD3-B866-DA26C78B9643}"
EndProject
Project("{FAE04EC0-301F-11D3-BF4B-00C04F79EFBC}") = "NVP_Renga_COM", "src\NVP_Renga_COM\NVP_Renga_COM.csproj", "{D99697A6-137C-477F-B2C4-DD02E2E6A839}"
EndProject
Global
	GlobalSection(SolutionConfigurationPlatforms) = preSolution
		Debug|Any CPU = Debug|Any CPU
		Release|Any CPU = Release|Any CPU
	EndGlobalSection
	GlobalSection(ProjectConfigurationPlatforms) = postSolution
		{81839E90-1973-487A-BB35-D15E7EBCD051}.Debug|Any CPU.ActiveCfg = Debug|Any CPU
		{81839E90-1973-487A-BB35-D15E7EBCD051}.Debug|Any CPU.Build.0 = Debug|Any CPU
		{81839E90-1973-487A-BB35-D15E7EBCD051}.Release|Any CPU.ActiveCfg = Release|Any CPU
		{81839E90-1973-487A-BB35-D15E7EBCD051}.Release|Any CPU.Build.0 = Release|Any CPU
		{590DB945-2803-4CD3-B866-DA26C78B9643}.Debug|Any CPU.ActiveCfg = Debug|Any CPU
		{590DB945-2803-4CD3-B866-DA26C78B9643}.Debug|Any CPU.Build.0 = Debug|Any CPU
		{590DB945-2803-4CD3-B866-DA26C78B9643}.Release|Any CPU.ActiveCfg = Release|Any CPU
		{590DB945-2803-4CD3-B866-DA26C78B9643}.Release|Any CPU.Build.0 = Release|Any CPU
		{D99697A6-137C-477F-B2C4-DD02E2E6A839}.Debug|Any CPU.ActiveCfg = Debug|Any CPU
		{D99697A6-137C-477F-B2C4-DD02E2E6A839}.Debug|Any CPU.Build.0 = Debug|Any CPU
		{D99697A6-137C-477F-B2C4-DD02E2E6A839}.Release|Any CPU.ActiveCfg = Release|Any CPU
		{D99697A6-137C-477F-B2C4-DD02E2E6A839}.Release|Any CPU.Build.0 = Release|Any CPU
	EndGlobalSection
	GlobalSection(SolutionProperties) = preSolution
		HideSolutionNode = FALSE
	EndGlobalSection
	GlobalSection(ExtensibilityGlobals) = postSolution
		SolutionGuid = {94739A34-D79E-45BC-8B05-09482D15944E}
	EndGlobalSection
EndGlobal
